
Microsoft Visual Studio Solution File, Format Version 12.00
# Visual Studio Version 17
VisualStudioVersion = 17.9.34622.214
MinimumVisualStudioVersion = 10.0.40219.1
Project("{9A19103F-16F7-4668-BE54-9A1E7A4F7556}") = "HelloWPF", "HelloWPF\HelloWPF.csproj", "{2969F610-50F2-4FC1-AEAC-CC06FD3A8E12}"
EndProject
Project("{9A19103F-16F7-4668-BE54-9A1E7A4F7556}") = "MyApp", "MyApp\MyApp.csproj", "{1E83E75F-9384-4042-96FF-F22D68732F37}"
EndProject
Project("{9A19103F-16F7-4668-BE54-9A1E7A4F7556}") = "DelegatesAndEvents", "DelegatesAndEvents\DelegatesAndEvents.csproj", "{958B0030-65E6-44FD-8116-1A3758E6C9D3}"
EndProject
Project("{9A19103F-16F7-4668-BE54-9A1E7A4F7556}") = "MyTimerApp", "MyTimerApp\MyTimerApp.csproj", "{11F7B493-3531-4D13-91D4-1476E7D6FAE6}"
EndProject
Project("{9A19103F-16F7-4668-BE54-9A1E7A4F7556}") = "MyTempMonitor", "MyTempMonitor\MyTempMonitor.csproj", "{E7430988-8FC5-48EC-A136-5E50E787332D}"
EndProject
Project("{9A19103F-16F7-4668-BE54-9A1E7A4F7556}") = "EventExample", "EventExample\EventExample.csproj", "{00828C5E-3FB8-461B-899C-787846D4D88D}"
EndProject
Project("{9A19103F-16F7-4668-BE54-9A1E7A4F7556}") = "AccessModifiers2", "AccessModifiers2\AccessModifiers2.csproj", "{72D3D215-C6E3-42E6-AEC2-BB1FA485FF7B}"
EndProject
Project("{FAE04EC0-301F-11D3-BF4B-00C04F79EFBC}") = "MyLibrary", "MyLibrary\MyLibrary.csproj", "{2855486C-D886-41EA-944C-F309204D0307}"
EndProject
Global
	GlobalSection(SolutionConfigurationPlatforms) = preSolution
		Debug|Any CPU = Debug|Any CPU
		Debug|ARM = Debug|ARM
		Debug|ARM64 = Debug|ARM64
		Debug|x64 = Debug|x64
		Debug|x86 = Debug|x86
		Release|Any CPU = Release|Any CPU
		Release|ARM = Release|ARM
		Release|ARM64 = Release|ARM64
		Release|x64 = Release|x64
		Release|x86 = Release|x86
	EndGlobalSection
	GlobalSection(ProjectConfigurationPlatforms) = postSolution
		{2969F610-50F2-4FC1-AEAC-CC06FD3A8E12}.Debug|Any CPU.ActiveCfg = Debug|Any CPU
		{2969F610-50F2-4FC1-AEAC-CC06FD3A8E12}.Debug|Any CPU.Build.0 = Debug|Any CPU
		{2969F610-50F2-4FC1-AEAC-CC06FD3A8E12}.Debug|ARM.ActiveCfg = Debug|Any CPU
		{2969F610-50F2-4FC1-AEAC-CC06FD3A8E12}.Debug|ARM.Build.0 = Debug|Any CPU
		{2969F610-50F2-4FC1-AEAC-CC06FD3A8E12}.Debug|ARM64.ActiveCfg = Debug|Any CPU
		{2969F610-50F2-4FC1-AEAC-CC06FD3A8E12}.Debug|ARM64.Build.0 = Debug|Any CPU
		{2969F610-50F2-4FC1-AEAC-CC06FD3A8E12}.Debug|x64.ActiveCfg = Debug|Any CPU
		{2969F610-50F2-4FC1-AEAC-CC06FD3A8E12}.Debug|x64.Build.0 = Debug|Any CPU
		{2969F610-50F2-4FC1-AEAC-CC06FD3A8E12}.Debug|x86.ActiveCfg = Debug|Any CPU
		{2969F610-50F2-4FC1-AEAC-CC06FD3A8E12}.Debug|x86.Build.0 = Debug|Any CPU
		{2969F610-50F2-4FC1-AEAC-CC06FD3A8E12}.Release|Any CPU.ActiveCfg = Release|Any CPU
		{2969F610-50F2-4FC1-AEAC-CC06FD3A8E12}.Release|Any CPU.Build.0 = Release|Any CPU
		{2969F610-50F2-4FC1-AEAC-CC06FD3A8E12}.Release|ARM.ActiveCfg = Release|Any CPU
		{2969F610-50F2-4FC1-AEAC-CC06FD3A8E12}.Release|ARM.Build.0 = Release|Any CPU
		{2969F610-50F2-4FC1-AEAC-CC06FD3A8E12}.Release|ARM64.ActiveCfg = Release|Any CPU
		{2969F610-50F2-4FC1-AEAC-CC06FD3A8E12}.Release|ARM64.Build.0 = Release|Any CPU
		{2969F610-50F2-4FC1-AEAC-CC06FD3A8E12}.Release|x64.ActiveCfg = Release|Any CPU
		{2969F610-50F2-4FC1-AEAC-CC06FD3A8E12}.Release|x64.Build.0 = Release|Any CPU
		{2969F610-50F2-4FC1-AEAC-CC06FD3A8E12}.Release|x86.ActiveCfg = Release|Any CPU
		{2969F610-50F2-4FC1-AEAC-CC06FD3A8E12}.Release|x86.Build.0 = Release|Any CPU
		{1E83E75F-9384-4042-96FF-F22D68732F37}.Debug|Any CPU.ActiveCfg = Debug|Any CPU
		{1E83E75F-9384-4042-96FF-F22D68732F37}.Debug|Any CPU.Build.0 = Debug|Any CPU
		{1E83E75F-9384-4042-96FF-F22D68732F37}.Debug|ARM.ActiveCfg = Debug|Any CPU
		{1E83E75F-9384-4042-96FF-F22D68732F37}.Debug|ARM.Build.0 = Debug|Any CPU
		{1E83E75F-9384-4042-96FF-F22D68732F37}.Debug|ARM64.ActiveCfg = Debug|Any CPU
		{1E83E75F-9384-4042-96FF-F22D68732F37}.Debug|ARM64.Build.0 = Debug|Any CPU
		{1E83E75F-9384-4042-96FF-F22D68732F37}.Debug|x64.ActiveCfg = Debug|Any CPU
		{1E83E75F-9384-4042-96FF-F22D68732F37}.Debug|x64.Build.0 = Debug|Any CPU
		{1E83E75F-9384-4042-96FF-F22D68732F37}.Debug|x86.ActiveCfg = Debug|Any CPU
		{1E83E75F-9384-4042-96FF-F22D68732F37}.Debug|x86.Build.0 = Debug|Any CPU
		{1E83E75F-9384-4042-96FF-F22D68732F37}.Release|Any CPU.ActiveCfg = Release|Any CPU
		{1E83E75F-9384-4042-96FF-F22D68732F37}.Release|Any CPU.Build.0 = Release|Any CPU
		{1E83E75F-9384-4042-96FF-F22D68732F37}.Release|ARM.ActiveCfg = Release|Any CPU
		{1E83E75F-9384-4042-96FF-F22D68732F37}.Release|ARM.Build.0 = Release|Any CPU
		{1E83E75F-9384-4042-96FF-F22D68732F37}.Release|ARM64.ActiveCfg = Release|Any CPU
		{1E83E75F-9384-4042-96FF-F22D68732F37}.Release|ARM64.Build.0 = Release|Any CPU
		{1E83E75F-9384-4042-96FF-F22D68732F37}.Release|x64.ActiveCfg = Release|Any CPU
		{1E83E75F-9384-4042-96FF-F22D68732F37}.Release|x64.Build.0 = Release|Any CPU
		{1E83E75F-9384-4042-96FF-F22D68732F37}.Release|x86.ActiveCfg = Release|Any CPU
		{1E83E75F-9384-4042-96FF-F22D68732F37}.Release|x86.Build.0 = Release|Any CPU
		{958B0030-65E6-44FD-8116-1A3758E6C9D3}.Debug|Any CPU.ActiveCfg = Debug|Any CPU
		{958B0030-65E6-44FD-8116-1A3758E6C9D3}.Debug|Any CPU.Build.0 = Debug|Any CPU
		{958B0030-65E6-44FD-8116-1A3758E6C9D3}.Debug|ARM.ActiveCfg = Debug|Any CPU
		{958B0030-65E6-44FD-8116-1A3758E6C9D3}.Debug|ARM.Build.0 = Debug|Any CPU
		{958B0030-65E6-44FD-8116-1A3758E6C9D3}.Debug|ARM64.ActiveCfg = Debug|Any CPU
		{958B0030-65E6-44FD-8116-1A3758E6C9D3}.Debug|ARM64.Build.0 = Debug|Any CPU
		{958B0030-65E6-44FD-8116-1A3758E6C9D3}.Debug|x64.ActiveCfg = Debug|Any CPU
		{958B0030-65E6-44FD-8116-1A3758E6C9D3}.Debug|x64.Build.0 = Debug|Any CPU
		{958B0030-65E6-44FD-8116-1A3758E6C9D3}.Debug|x86.ActiveCfg = Debug|Any CPU
		{958B0030-65E6-44FD-8116-1A3758E6C9D3}.Debug|x86.Build.0 = Debug|Any CPU
		{958B0030-65E6-44FD-8116-1A3758E6C9D3}.Release|Any CPU.ActiveCfg = Release|Any CPU
		{958B0030-65E6-44FD-8116-1A3758E6C9D3}.Release|Any CPU.Build.0 = Release|Any CPU
		{958B0030-65E6-44FD-8116-1A3758E6C9D3}.Release|ARM.ActiveCfg = Release|Any CPU
		{958B0030-65E6-44FD-8116-1A3758E6C9D3}.Release|ARM.Build.0 = Release|Any CPU
		{958B0030-65E6-44FD-8116-1A3758E6C9D3}.Release|ARM64.ActiveCfg = Release|Any CPU
		{958B0030-65E6-44FD-8116-1A3758E6C9D3}.Release|ARM64.Build.0 = Release|Any CPU
		{958B0030-65E6-44FD-8116-1A3758E6C9D3}.Release|x64.ActiveCfg = Release|Any CPU
		{958B0030-65E6-44FD-8116-1A3758E6C9D3}.Release|x64.Build.0 = Release|Any CPU
		{958B0030-65E6-44FD-8116-1A3758E6C9D3}.Release|x86.ActiveCfg = Release|Any CPU
		{958B0030-65E6-44FD-8116-1A3758E6C9D3}.Release|x86.Build.0 = Release|Any CPU
		{11F7B493-3531-4D13-91D4-1476E7D6FAE6}.Debug|Any CPU.ActiveCfg = Debug|Any CPU
		{11F7B493-3531-4D13-91D4-1476E7D6FAE6}.Debug|Any CPU.Build.0 = Debug|Any CPU
		{11F7B493-3531-4D13-91D4-1476E7D6FAE6}.Debug|ARM.ActiveCfg = Debug|Any CPU
		{11F7B493-3531-4D13-91D4-1476E7D6FAE6}.Debug|ARM.Build.0 = Debug|Any CPU
		{11F7B493-3531-4D13-91D4-1476E7D6FAE6}.Debug|ARM64.ActiveCfg = Debug|Any CPU
		{11F7B493-3531-4D13-91D4-1476E7D6FAE6}.Debug|ARM64.Build.0 = Debug|Any CPU
		{11F7B493-3531-4D13-91D4-1476E7D6FAE6}.Debug|x64.ActiveCfg = Debug|Any CPU
		{11F7B493-3531-4D13-91D4-1476E7D6FAE6}.Debug|x64.Build.0 = Debug|Any CPU
		{11F7B493-3531-4D13-91D4-1476E7D6FAE6}.Debug|x86.ActiveCfg = Debug|Any CPU
		{11F7B493-3531-4D13-91D4-1476E7D6FAE6}.Debug|x86.Build.0 = Debug|Any CPU
		{11F7B493-3531-4D13-91D4-1476E7D6FAE6}.Release|Any CPU.ActiveCfg = Release|Any CPU
		{11F7B493-3531-4D13-91D4-1476E7D6FAE6}.Release|Any CPU.Build.0 = Release|Any CPU
		{11F7B493-3531-4D13-91D4-1476E7D6FAE6}.Release|ARM.ActiveCfg = Release|Any CPU
		{11F7B493-3531-4D13-91D4-1476E7D6FAE6}.Release|ARM.Build.0 = Release|Any CPU
		{11F7B493-3531-4D13-91D4-1476E7D6FAE6}.Release|ARM64.ActiveCfg = Release|Any CPU
		{11F7B493-3531-4D13-91D4-1476E7D6FAE6}.Release|ARM64.Build.0 = Release|Any CPU
		{11F7B493-3531-4D13-91D4-1476E7D6FAE6}.Release|x64.ActiveCfg = Release|Any CPU
		{11F7B493-3531-4D13-91D4-1476E7D6FAE6}.Release|x64.Build.0 = Release|Any CPU
		{11F7B493-3531-4D13-91D4-1476E7D6FAE6}.Release|x86.ActiveCfg = Release|Any CPU
		{11F7B493-3531-4D13-91D4-1476E7D6FAE6}.Release|x86.Build.0 = Release|Any CPU
		{E7430988-8FC5-48EC-A136-5E50E787332D}.Debug|Any CPU.ActiveCfg = Debug|Any CPU
		{E7430988-8FC5-48EC-A136-5E50E787332D}.Debug|Any CPU.Build.0 = Debug|Any CPU
		{E7430988-8FC5-48EC-A136-5E50E787332D}.Debug|ARM.ActiveCfg = Debug|Any CPU
		{E7430988-8FC5-48EC-A136-5E50E787332D}.Debug|ARM.Build.0 = Debug|Any CPU
		{E7430988-8FC5-48EC-A136-5E50E787332D}.Debug|ARM64.ActiveCfg = Debug|Any CPU
		{E7430988-8FC5-48EC-A136-5E50E787332D}.Debug|ARM64.Build.0 = Debug|Any CPU
		{E7430988-8FC5-48EC-A136-5E50E787332D}.Debug|x64.ActiveCfg = Debug|Any CPU
		{E7430988-8FC5-48EC-A136-5E50E787332D}.Debug|x64.Build.0 = Debug|Any CPU
		{E7430988-8FC5-48EC-A136-5E50E787332D}.Debug|x86.ActiveCfg = Debug|Any CPU
		{E7430988-8FC5-48EC-A136-5E50E787332D}.Debug|x86.Build.0 = Debug|Any CPU
		{E7430988-8FC5-48EC-A136-5E50E787332D}.Release|Any CPU.ActiveCfg = Release|Any CPU
		{E7430988-8FC5-48EC-A136-5E50E787332D}.Release|Any CPU.Build.0 = Release|Any CPU
		{E7430988-8FC5-48EC-A136-5E50E787332D}.Release|ARM.ActiveCfg = Release|Any CPU
		{E7430988-8FC5-48EC-A136-5E50E787332D}.Release|ARM.Build.0 = Release|Any CPU
		{E7430988-8FC5-48EC-A136-5E50E787332D}.Release|ARM64.ActiveCfg = Release|Any CPU
		{E7430988-8FC5-48EC-A136-5E50E787332D}.Release|ARM64.Build.0 = Release|Any CPU
		{E7430988-8FC5-48EC-A136-5E50E787332D}.Release|x64.ActiveCfg = Release|Any CPU
		{E7430988-8FC5-48EC-A136-5E50E787332D}.Release|x64.Build.0 = Release|Any CPU
		{E7430988-8FC5-48EC-A136-5E50E787332D}.Release|x86.ActiveCfg = Release|Any CPU
		{E7430988-8FC5-48EC-A136-5E50E787332D}.Release|x86.Build.0 = Release|Any CPU
		{00828C5E-3FB8-461B-899C-787846D4D88D}.Debug|Any CPU.ActiveCfg = Debug|Any CPU
		{00828C5E-3FB8-461B-899C-787846D4D88D}.Debug|Any CPU.Build.0 = Debug|Any CPU
		{00828C5E-3FB8-461B-899C-787846D4D88D}.Debug|ARM.ActiveCfg = Debug|Any CPU
		{00828C5E-3FB8-461B-899C-787846D4D88D}.Debug|ARM.Build.0 = Debug|Any CPU
		{00828C5E-3FB8-461B-899C-787846D4D88D}.Debug|ARM64.ActiveCfg = Debug|Any CPU
		{00828C5E-3FB8-461B-899C-787846D4D88D}.Debug|ARM64.Build.0 = Debug|Any CPU
		{00828C5E-3FB8-461B-899C-787846D4D88D}.Debug|x64.ActiveCfg = Debug|Any CPU
		{00828C5E-3FB8-461B-899C-787846D4D88D}.Debug|x64.Build.0 = Debug|Any CPU
		{00828C5E-3FB8-461B-899C-787846D4D88D}.Debug|x86.ActiveCfg = Debug|Any CPU
		{00828C5E-3FB8-461B-899C-787846D4D88D}.Debug|x86.Build.0 = Debug|Any CPU
		{00828C5E-3FB8-461B-899C-787846D4D88D}.Release|Any CPU.ActiveCfg = Release|Any CPU
		{00828C5E-3FB8-461B-899C-787846D4D88D}.Release|Any CPU.Build.0 = Release|Any CPU
		{00828C5E-3FB8-461B-899C-787846D4D88D}.Release|ARM.ActiveCfg = Release|Any CPU
		{00828C5E-3FB8-461B-899C-787846D4D88D}.Release|ARM.Build.0 = Release|Any CPU
		{00828C5E-3FB8-461B-899C-787846D4D88D}.Release|ARM64.ActiveCfg = Release|Any CPU
		{00828C5E-3FB8-461B-899C-787846D4D88D}.Release|ARM64.Build.0 = Release|Any CPU
		{00828C5E-3FB8-461B-899C-787846D4D88D}.Release|x64.ActiveCfg = Release|Any CPU
		{00828C5E-3FB8-461B-899C-787846D4D88D}.Release|x64.Build.0 = Release|Any CPU
		{00828C5E-3FB8-461B-899C-787846D4D88D}.Release|x86.ActiveCfg = Release|Any CPU
		{00828C5E-3FB8-461B-899C-787846D4D88D}.Release|x86.Build.0 = Release|Any CPU
		{72D3D215-C6E3-42E6-AEC2-BB1FA485FF7B}.Debug|Any CPU.ActiveCfg = Debug|Any CPU
		{72D3D215-C6E3-42E6-AEC2-BB1FA485FF7B}.Debug|Any CPU.Build.0 = Debug|Any CPU
		{72D3D215-C6E3-42E6-AEC2-BB1FA485FF7B}.Debug|ARM.ActiveCfg = Debug|Any CPU
		{72D3D215-C6E3-42E6-AEC2-BB1FA485FF7B}.Debug|ARM.Build.0 = Debug|Any CPU
		{72D3D215-C6E3-42E6-AEC2-BB1FA485FF7B}.Debug|ARM64.ActiveCfg = Debug|Any CPU
		{72D3D215-C6E3-42E6-AEC2-BB1FA485FF7B}.Debug|ARM64.Build.0 = Debug|Any CPU
		{72D3D215-C6E3-42E6-AEC2-BB1FA485FF7B}.Debug|x64.ActiveCfg = Debug|Any CPU
		{72D3D215-C6E3-42E6-AEC2-BB1FA485FF7B}.Debug|x64.Build.0 = Debug|Any CPU
		{72D3D215-C6E3-42E6-AEC2-BB1FA485FF7B}.Debug|x86.ActiveCfg = Debug|Any CPU
		{72D3D215-C6E3-42E6-AEC2-BB1FA485FF7B}.Debug|x86.Build.0 = Debug|Any CPU
		{72D3D215-C6E3-42E6-AEC2-BB1FA485FF7B}.Release|Any CPU.ActiveCfg = Release|Any CPU
		{72D3D215-C6E3-42E6-AEC2-BB1FA485FF7B}.Release|Any CPU.Build.0 = Release|Any CPU
		{72D3D215-C6E3-42E6-AEC2-BB1FA485FF7B}.Release|ARM.ActiveCfg = Release|Any CPU
		{72D3D215-C6E3-42E6-AEC2-BB1FA485FF7B}.Release|ARM.Build.0 = Release|Any CPU
		{72D3D215-C6E3-42E6-AEC2-BB1FA485FF7B}.Release|ARM64.ActiveCfg = Release|Any CPU
		{72D3D215-C6E3-42E6-AEC2-BB1FA485FF7B}.Release|ARM64.Build.0 = Release|Any CPU
		{72D3D215-C6E3-42E6-AEC2-BB1FA485FF7B}.Release|x64.ActiveCfg = Release|Any CPU
		{72D3D215-C6E3-42E6-AEC2-BB1FA485FF7B}.Release|x64.Build.0 = Release|Any CPU
		{72D3D215-C6E3-42E6-AEC2-BB1FA485FF7B}.Release|x86.ActiveCfg = Release|Any CPU
		{72D3D215-C6E3-42E6-AEC2-BB1FA485FF7B}.Release|x86.Build.0 = Release|Any CPU
		{2855486C-D886-41EA-944C-F309204D0307}.Debug|Any CPU.ActiveCfg = Debug|Any CPU
		{2855486C-D886-41EA-944C-F309204D0307}.Debug|Any CPU.Build.0 = Debug|Any CPU
		{2855486C-D886-41EA-944C-F309204D0307}.Debug|ARM.ActiveCfg = Debug|Any CPU
		{2855486C-D886-41EA-944C-F309204D0307}.Debug|ARM.Build.0 = Debug|Any CPU
		{2855486C-D886-41EA-944C-F309204D0307}.Debug|ARM64.ActiveCfg = Debug|Any CPU
		{2855486C-D886-41EA-944C-F309204D0307}.Debug|ARM64.Build.0 = Debug|Any CPU
		{2855486C-D886-41EA-944C-F309204D0307}.Debug|x64.ActiveCfg = Debug|Any CPU
		{2855486C-D886-41EA-944C-F309204D0307}.Debug|x64.Build.0 = Debug|Any CPU
		{2855486C-D886-41EA-944C-F309204D0307}.Debug|x86.ActiveCfg = Debug|Any CPU
		{2855486C-D886-41EA-944C-F309204D0307}.Debug|x86.Build.0 = Debug|Any CPU
		{2855486C-D886-41EA-944C-F309204D0307}.Release|Any CPU.ActiveCfg = Release|Any CPU
		{2855486C-D886-41EA-944C-F309204D0307}.Release|Any CPU.Build.0 = Release|Any CPU
		{2855486C-D886-41EA-944C-F309204D0307}.Release|ARM.ActiveCfg = Release|Any CPU
		{2855486C-D886-41EA-944C-F309204D0307}.Release|ARM.Build.0 = Release|Any CPU
		{2855486C-D886-41EA-944C-F309204D0307}.Release|ARM64.ActiveCfg = Release|Any CPU
		{2855486C-D886-41EA-944C-F309204D0307}.Release|ARM64.Build.0 = Release|Any CPU
		{2855486C-D886-41EA-944C-F309204D0307}.Release|x64.ActiveCfg = Release|Any CPU
		{2855486C-D886-41EA-944C-F309204D0307}.Release|x64.Build.0 = Release|Any CPU
		{2855486C-D886-41EA-944C-F309204D0307}.Release|x86.ActiveCfg = Release|Any CPU
		{2855486C-D886-41EA-944C-F309204D0307}.Release|x86.Build.0 = Release|Any CPU
	EndGlobalSection
	GlobalSection(SolutionProperties) = preSolution
		HideSolutionNode = FALSE
	EndGlobalSection
	GlobalSection(ExtensibilityGlobals) = postSolution
		SolutionGuid = {D13204DA-9067-4170-A85C-90CD79C4CB1F}
	EndGlobalSection
EndGlobal
