
Microsoft Visual Studio Solution File, Format Version 12.00
# Visual Studio Version 17
VisualStudioVersion = 17.9.34723.18
MinimumVisualStudioVersion = 10.0.40219.1
Project("{9A19103F-16F7-4668-BE54-9A1E7A4F7556}") = "ProjectGallery", "ProjectGallery\ProjectGallery.csproj", "{485BB1E9-1158-489A-9891-A2DA4E471438}"
EndProject
Project("{9A19103F-16F7-4668-BE54-9A1E7A4F7556}") = "Tic-Tac-Toe", "Tic-Tac-Toe\Tic-Tac-Toe.csproj", "{26E5ECDA-C5B6-430E-AE43-45B105777983}"
EndProject
Project("{9A19103F-16F7-4668-BE54-9A1E7A4F7556}") = "MemoryGame", "MemoryGame\MemoryGame.csproj", "{B686CDCC-B4CF-49DB-AF2B-745D941BF4BE}"
EndProject
Project("{9A19103F-16F7-4668-BE54-9A1E7A4F7556}") = "Common", "Common\Common.csproj", "{FF8F4BB5-8BF0-4330-8CA5-9005FB924747}"
EndProject
Project("{9A19103F-16F7-4668-BE54-9A1E7A4F7556}") = "PersonManager", "PersonManager\PersonManager.csproj", "{EC007E57-AA75-4251-A185-8F9983048C23}"
EndProject
Project("{9A19103F-16F7-4668-BE54-9A1E7A4F7556}") = "JokeApp", "JokeApp\JokeApp.csproj", "{25E3A8BD-8B92-4A66-8EBE-E319ED35E322}"
EndProject
Project("{9A19103F-16F7-4668-BE54-9A1E7A4F7556}") = "UsersAPI", "UsersAPI\UsersAPI.csproj", "{708AFB9A-497C-4075-BDCC-D1B46627C6E1}"
EndProject
Project("{9A19103F-16F7-4668-BE54-9A1E7A4F7556}") = "UsersCRUDApi", "UsersCRUDApi\UsersCRUDApi.csproj", "{39F4097F-B72B-4533-8D85-A6791C9A03B9}"
EndProject
Project("{9A19103F-16F7-4668-BE54-9A1E7A4F7556}") = "Recursive", "Recursive\Recursive.csproj", "{06503FA8-8ABF-4567-8364-05F768BDB1D4}"
EndProject
Project("{9A19103F-16F7-4668-BE54-9A1E7A4F7556}") = "RecursiveFolderTree", "RecursiveFolderTree\RecursiveFolderTree.csproj", "{AE44F2A9-178F-4F56-8015-855452C70AC9}"
EndProject
Project("{FAE04EC0-301F-11D3-BF4B-00C04F79EFBC}") = "LinqDemo", "LinqDemo\LinqDemo.csproj", "{D9C0339A-7DF1-4304-899E-735094C8DEBB}"
EndProject
Global
	GlobalSection(SolutionConfigurationPlatforms) = preSolution
		Debug|Any CPU = Debug|Any CPU
		Release|Any CPU = Release|Any CPU
	EndGlobalSection
	GlobalSection(ProjectConfigurationPlatforms) = postSolution
		{485BB1E9-1158-489A-9891-A2DA4E471438}.Debug|Any CPU.ActiveCfg = Debug|Any CPU
		{485BB1E9-1158-489A-9891-A2DA4E471438}.Debug|Any CPU.Build.0 = Debug|Any CPU
		{485BB1E9-1158-489A-9891-A2DA4E471438}.Release|Any CPU.ActiveCfg = Release|Any CPU
		{485BB1E9-1158-489A-9891-A2DA4E471438}.Release|Any CPU.Build.0 = Release|Any CPU
		{26E5ECDA-C5B6-430E-AE43-45B105777983}.Debug|Any CPU.ActiveCfg = Debug|Any CPU
		{26E5ECDA-C5B6-430E-AE43-45B105777983}.Debug|Any CPU.Build.0 = Debug|Any CPU
		{26E5ECDA-C5B6-430E-AE43-45B105777983}.Release|Any CPU.ActiveCfg = Release|Any CPU
		{26E5ECDA-C5B6-430E-AE43-45B105777983}.Release|Any CPU.Build.0 = Release|Any CPU
		{B686CDCC-B4CF-49DB-AF2B-745D941BF4BE}.Debug|Any CPU.ActiveCfg = Debug|Any CPU
		{B686CDCC-B4CF-49DB-AF2B-745D941BF4BE}.Debug|Any CPU.Build.0 = Debug|Any CPU
		{B686CDCC-B4CF-49DB-AF2B-745D941BF4BE}.Release|Any CPU.ActiveCfg = Release|Any CPU
		{B686CDCC-B4CF-49DB-AF2B-745D941BF4BE}.Release|Any CPU.Build.0 = Release|Any CPU
		{FF8F4BB5-8BF0-4330-8CA5-9005FB924747}.Debug|Any CPU.ActiveCfg = Debug|Any CPU
		{FF8F4BB5-8BF0-4330-8CA5-9005FB924747}.Debug|Any CPU.Build.0 = Debug|Any CPU
		{FF8F4BB5-8BF0-4330-8CA5-9005FB924747}.Release|Any CPU.ActiveCfg = Release|Any CPU
		{FF8F4BB5-8BF0-4330-8CA5-9005FB924747}.Release|Any CPU.Build.0 = Release|Any CPU
		{EC007E57-AA75-4251-A185-8F9983048C23}.Debug|Any CPU.ActiveCfg = Debug|Any CPU
		{EC007E57-AA75-4251-A185-8F9983048C23}.Debug|Any CPU.Build.0 = Debug|Any CPU
		{EC007E57-AA75-4251-A185-8F9983048C23}.Release|Any CPU.ActiveCfg = Release|Any CPU
		{EC007E57-AA75-4251-A185-8F9983048C23}.Release|Any CPU.Build.0 = Release|Any CPU
		{25E3A8BD-8B92-4A66-8EBE-E319ED35E322}.Debug|Any CPU.ActiveCfg = Debug|Any CPU
		{25E3A8BD-8B92-4A66-8EBE-E319ED35E322}.Debug|Any CPU.Build.0 = Debug|Any CPU
		{25E3A8BD-8B92-4A66-8EBE-E319ED35E322}.Release|Any CPU.ActiveCfg = Release|Any CPU
		{25E3A8BD-8B92-4A66-8EBE-E319ED35E322}.Release|Any CPU.Build.0 = Release|Any CPU
		{708AFB9A-497C-4075-BDCC-D1B46627C6E1}.Debug|Any CPU.ActiveCfg = Debug|Any CPU
		{708AFB9A-497C-4075-BDCC-D1B46627C6E1}.Debug|Any CPU.Build.0 = Debug|Any CPU
		{708AFB9A-497C-4075-BDCC-D1B46627C6E1}.Release|Any CPU.ActiveCfg = Release|Any CPU
		{708AFB9A-497C-4075-BDCC-D1B46627C6E1}.Release|Any CPU.Build.0 = Release|Any CPU
		{39F4097F-B72B-4533-8D85-A6791C9A03B9}.Debug|Any CPU.ActiveCfg = Debug|Any CPU
		{39F4097F-B72B-4533-8D85-A6791C9A03B9}.Debug|Any CPU.Build.0 = Debug|Any CPU
		{39F4097F-B72B-4533-8D85-A6791C9A03B9}.Release|Any CPU.ActiveCfg = Release|Any CPU
		{39F4097F-B72B-4533-8D85-A6791C9A03B9}.Release|Any CPU.Build.0 = Release|Any CPU
		{06503FA8-8ABF-4567-8364-05F768BDB1D4}.Debug|Any CPU.ActiveCfg = Debug|Any CPU
		{06503FA8-8ABF-4567-8364-05F768BDB1D4}.Debug|Any CPU.Build.0 = Debug|Any CPU
		{06503FA8-8ABF-4567-8364-05F768BDB1D4}.Release|Any CPU.ActiveCfg = Release|Any CPU
		{06503FA8-8ABF-4567-8364-05F768BDB1D4}.Release|Any CPU.Build.0 = Release|Any CPU
		{AE44F2A9-178F-4F56-8015-855452C70AC9}.Debug|Any CPU.ActiveCfg = Debug|Any CPU
		{AE44F2A9-178F-4F56-8015-855452C70AC9}.Debug|Any CPU.Build.0 = Debug|Any CPU
		{AE44F2A9-178F-4F56-8015-855452C70AC9}.Release|Any CPU.ActiveCfg = Release|Any CPU
		{AE44F2A9-178F-4F56-8015-855452C70AC9}.Release|Any CPU.Build.0 = Release|Any CPU
		{D9C0339A-7DF1-4304-899E-735094C8DEBB}.Debug|Any CPU.ActiveCfg = Debug|Any CPU
		{D9C0339A-7DF1-4304-899E-735094C8DEBB}.Debug|Any CPU.Build.0 = Debug|Any CPU
		{D9C0339A-7DF1-4304-899E-735094C8DEBB}.Release|Any CPU.ActiveCfg = Release|Any CPU
		{D9C0339A-7DF1-4304-899E-735094C8DEBB}.Release|Any CPU.Build.0 = Release|Any CPU
	EndGlobalSection
	GlobalSection(SolutionProperties) = preSolution
		HideSolutionNode = FALSE
	EndGlobalSection
	GlobalSection(ExtensibilityGlobals) = postSolution
		SolutionGuid = {C0A7CFBB-95A2-4743-AA4C-9E5164C0CCDE}
	EndGlobalSection
EndGlobal
